// !$*UTF8*$!
{
	archiveVersion = 1;
	classes = {
	};
	objectVersion = 48;
	objects = {

/* Begin PBXBuildFile section */
		393E3691214F94F60063189B /* AppDelegate.swift in Sources */ = {isa = PBXBuildFile; fileRef = 393E3690214F94F60063189B /* AppDelegate.swift */; };
		393E3693214F94F60063189B /* ViewController.swift in Sources */ = {isa = PBXBuildFile; fileRef = 393E3692214F94F60063189B /* ViewController.swift */; };
		393E3696214F94F60063189B /* Main.storyboard in Resources */ = {isa = PBXBuildFile; fileRef = 393E3694214F94F60063189B /* Main.storyboard */; };
		393E3698214F94F60063189B /* Assets.xcassets in Resources */ = {isa = PBXBuildFile; fileRef = 393E3697214F94F60063189B /* Assets.xcassets */; };
		393E369B214F94F60063189B /* LaunchScreen.storyboard in Resources */ = {isa = PBXBuildFile; fileRef = 393E3699214F94F60063189B /* LaunchScreen.storyboard */; };
		393E36A6214F94F60063189B /* Third_party_frameworkTests.swift in Sources */ = {isa = PBXBuildFile; fileRef = 393E36A5214F94F60063189B /* Third_party_frameworkTests.swift */; };
		393E36B1214F94F60063189B /* Third_party_frameworkUITests.swift in Sources */ = {isa = PBXBuildFile; fileRef = 393E36B0214F94F60063189B /* Third_party_frameworkUITests.swift */; };
		393E36C22150D1240063189B /* SearchModel.swift in Sources */ = {isa = PBXBuildFile; fileRef = 393E36C12150D1240063189B /* SearchModel.swift */; };
		393E36C62150D9EB0063189B /* PSSearchViewModel.swift in Sources */ = {isa = PBXBuildFile; fileRef = 393E36C52150D9EB0063189B /* PSSearchViewModel.swift */; };
		397366BB21B6331000B24547 /* XSLPhotoBrowserTransitioningDelegate.swift in Sources */ = {isa = PBXBuildFile; fileRef = 397366BA21B6331000B24547 /* XSLPhotoBrowserTransitioningDelegate.swift */; };
		397366BD21B63AF700B24547 /* XSLPhotoBrowserTransitioning.swift in Sources */ = {isa = PBXBuildFile; fileRef = 397366BC21B63AF700B24547 /* XSLPhotoBrowserTransitioning.swift */; };
		397366BF21B6582900B24547 /* XSLPresentationController.swift in Sources */ = {isa = PBXBuildFile; fileRef = 397366BE21B6582900B24547 /* XSLPresentationController.swift */; };
		397366C121B6609300B24547 /* XSLPhotoBrowserFadeTransitioning.swift in Sources */ = {isa = PBXBuildFile; fileRef = 397366C021B6609300B24547 /* XSLPhotoBrowserFadeTransitioning.swift */; };
		397366C421B6619F00B24547 /* XSLPhotoFadePresentingAnimator.swift in Sources */ = {isa = PBXBuildFile; fileRef = 397366C321B6619F00B24547 /* XSLPhotoFadePresentingAnimator.swift */; };
		397366C621B6628600B24547 /* XSLPhotoFadeDismissingAnimator.swift in Sources */ = {isa = PBXBuildFile; fileRef = 397366C521B6628600B24547 /* XSLPhotoFadeDismissingAnimator.swift */; };
		397366C921B66AC300B24547 /* XSLPhotoBrowserZoomtransitioning.swift in Sources */ = {isa = PBXBuildFile; fileRef = 397366C821B66AC300B24547 /* XSLPhotoBrowserZoomtransitioning.swift */; };
		397366CB21B66EB300B24547 /* XSLPhotoBrowserZoomAnimator.swift in Sources */ = {isa = PBXBuildFile; fileRef = 397366CA21B66EB300B24547 /* XSLPhotoBrowserZoomAnimator.swift */; };
		397366CD21B6703300B24547 /* XSLPhotoBrowserZoomPresentingAnimator.swift in Sources */ = {isa = PBXBuildFile; fileRef = 397366CC21B6703300B24547 /* XSLPhotoBrowserZoomPresentingAnimator.swift */; };
		397366CF21B6785000B24547 /* XSLPhotoBrowserZoomDidmissingAnimator.swift in Sources */ = {isa = PBXBuildFile; fileRef = 397366CE21B6785000B24547 /* XSLPhotoBrowserZoomDidmissingAnimator.swift */; };
		39D384F3215A4FE30012119A /* ResultViewController.swift in Sources */ = {isa = PBXBuildFile; fileRef = 39D384F2215A4FE30012119A /* ResultViewController.swift */; };
		39E0B03D2175D15100ACAD39 /* PSTableViewCell.swift in Sources */ = {isa = PBXBuildFile; fileRef = 39E0B03C2175D15100ACAD39 /* PSTableViewCell.swift */; };
		39E0B0402177249500ACAD39 /* PhotoAnimation.swift in Sources */ = {isa = PBXBuildFile; fileRef = 39E0B03F2177249500ACAD39 /* PhotoAnimation.swift */; };
		39E0B0422177250300ACAD39 /* BrowseViewController.swift in Sources */ = {isa = PBXBuildFile; fileRef = 39E0B0412177250300ACAD39 /* BrowseViewController.swift */; };
		39E0B0442177254D00ACAD39 /* BrowseCollectionViewCell.swift in Sources */ = {isa = PBXBuildFile; fileRef = 39E0B0432177254D00ACAD39 /* BrowseCollectionViewCell.swift */; };
		39E0B046217725A400ACAD39 /* BrowsePageControl.swift in Sources */ = {isa = PBXBuildFile; fileRef = 39E0B045217725A400ACAD39 /* BrowsePageControl.swift */; };
		39F15101215E26470009F729 /* DetailSearchController.swift in Sources */ = {isa = PBXBuildFile; fileRef = 39F150FF215E26470009F729 /* DetailSearchController.swift */; };
		39F15102215E26470009F729 /* DetailSearchController.xib in Resources */ = {isa = PBXBuildFile; fileRef = 39F15100215E26470009F729 /* DetailSearchController.xib */; };
		39F15106215F2BB90009F729 /* PSStepCell.swift in Sources */ = {isa = PBXBuildFile; fileRef = 39F15104215F2BB90009F729 /* PSStepCell.swift */; };
		39F15107215F2BB90009F729 /* PSStepCell.xib in Resources */ = {isa = PBXBuildFile; fileRef = 39F15105215F2BB90009F729 /* PSStepCell.xib */; };
		39F15109215F5A5A0009F729 /* DetailSearchViewModel.swift in Sources */ = {isa = PBXBuildFile; fileRef = 39F15108215F5A5A0009F729 /* DetailSearchViewModel.swift */; };
		39F1510B215F66DC0009F729 /* DetailModel.swift in Sources */ = {isa = PBXBuildFile; fileRef = 39F1510A215F66DC0009F729 /* DetailModel.swift */; };
		804C5CED3A2DEB3A6A7D513F /* Pods_Third_party_frameworkTests.framework in Frameworks */ = {isa = PBXBuildFile; fileRef = 2AD39684A5D1DB9F55C4AAD2 /* Pods_Third_party_frameworkTests.framework */; };
		851C2BAD887154A9B7121139 /* Pods_Third_party_framework.framework in Frameworks */ = {isa = PBXBuildFile; fileRef = 42303F6BAA182DCA9D6D0E61 /* Pods_Third_party_framework.framework */; };
		BD97D76FA74653C65B19539F /* Pods_Third_party_frameworkUITests.framework in Frameworks */ = {isa = PBXBuildFile; fileRef = C2D6AF220649C84FCD51B683 /* Pods_Third_party_frameworkUITests.framework */; };
/* End PBXBuildFile section */

/* Begin PBXContainerItemProxy section */
		393E36A2214F94F60063189B /* PBXContainerItemProxy */ = {
			isa = PBXContainerItemProxy;
			containerPortal = 393E3685214F94F60063189B /* Project object */;
			proxyType = 1;
			remoteGlobalIDString = 393E368C214F94F60063189B;
			remoteInfo = "Third-party-framework";
		};
		393E36AD214F94F60063189B /* PBXContainerItemProxy */ = {
			isa = PBXContainerItemProxy;
			containerPortal = 393E3685214F94F60063189B /* Project object */;
			proxyType = 1;
			remoteGlobalIDString = 393E368C214F94F60063189B;
			remoteInfo = "Third-party-framework";
		};
/* End PBXContainerItemProxy section */

/* Begin PBXFileReference section */
		0441AE9763E432705B0415AA /* Pods-Third-party-frameworkTests.debug.xcconfig */ = {isa = PBXFileReference; includeInIndex = 1; lastKnownFileType = text.xcconfig; name = "Pods-Third-party-frameworkTests.debug.xcconfig"; path = "Pods/Target Support Files/Pods-Third-party-frameworkTests/Pods-Third-party-frameworkTests.debug.xcconfig"; sourceTree = "<group>"; };
		152488905F8B9C04B3C5B275 /* Pods-Third-party-framework.release.xcconfig */ = {isa = PBXFileReference; includeInIndex = 1; lastKnownFileType = text.xcconfig; name = "Pods-Third-party-framework.release.xcconfig"; path = "Pods/Target Support Files/Pods-Third-party-framework/Pods-Third-party-framework.release.xcconfig"; sourceTree = "<group>"; };
		169846AEE9AE5FDEEDEC1DC8 /* Pods-Third-party-frameworkUITests.debug.xcconfig */ = {isa = PBXFileReference; includeInIndex = 1; lastKnownFileType = text.xcconfig; name = "Pods-Third-party-frameworkUITests.debug.xcconfig"; path = "Pods/Target Support Files/Pods-Third-party-frameworkUITests/Pods-Third-party-frameworkUITests.debug.xcconfig"; sourceTree = "<group>"; };
		2AD39684A5D1DB9F55C4AAD2 /* Pods_Third_party_frameworkTests.framework */ = {isa = PBXFileReference; explicitFileType = wrapper.framework; includeInIndex = 0; path = Pods_Third_party_frameworkTests.framework; sourceTree = BUILT_PRODUCTS_DIR; };
		393E368D214F94F60063189B /* Third-party-framework.app */ = {isa = PBXFileReference; explicitFileType = wrapper.application; includeInIndex = 0; path = "Third-party-framework.app"; sourceTree = BUILT_PRODUCTS_DIR; };
		393E3690214F94F60063189B /* AppDelegate.swift */ = {isa = PBXFileReference; lastKnownFileType = sourcecode.swift; path = AppDelegate.swift; sourceTree = "<group>"; };
		393E3692214F94F60063189B /* ViewController.swift */ = {isa = PBXFileReference; lastKnownFileType = sourcecode.swift; path = ViewController.swift; sourceTree = "<group>"; };
		393E3695214F94F60063189B /* Base */ = {isa = PBXFileReference; lastKnownFileType = file.storyboard; name = Base; path = Base.lproj/Main.storyboard; sourceTree = "<group>"; };
		393E3697214F94F60063189B /* Assets.xcassets */ = {isa = PBXFileReference; lastKnownFileType = folder.assetcatalog; path = Assets.xcassets; sourceTree = "<group>"; };
		393E369A214F94F60063189B /* Base */ = {isa = PBXFileReference; lastKnownFileType = file.storyboard; name = Base; path = Base.lproj/LaunchScreen.storyboard; sourceTree = "<group>"; };
		393E369C214F94F60063189B /* Info.plist */ = {isa = PBXFileReference; lastKnownFileType = text.plist.xml; path = Info.plist; sourceTree = "<group>"; };
		393E36A1214F94F60063189B /* Third-party-frameworkTests.xctest */ = {isa = PBXFileReference; explicitFileType = wrapper.cfbundle; includeInIndex = 0; path = "Third-party-frameworkTests.xctest"; sourceTree = BUILT_PRODUCTS_DIR; };
		393E36A5214F94F60063189B /* Third_party_frameworkTests.swift */ = {isa = PBXFileReference; lastKnownFileType = sourcecode.swift; path = Third_party_frameworkTests.swift; sourceTree = "<group>"; };
		393E36A7214F94F60063189B /* Info.plist */ = {isa = PBXFileReference; lastKnownFileType = text.plist.xml; path = Info.plist; sourceTree = "<group>"; };
		393E36AC214F94F60063189B /* Third-party-frameworkUITests.xctest */ = {isa = PBXFileReference; explicitFileType = wrapper.cfbundle; includeInIndex = 0; path = "Third-party-frameworkUITests.xctest"; sourceTree = BUILT_PRODUCTS_DIR; };
		393E36B0214F94F60063189B /* Third_party_frameworkUITests.swift */ = {isa = PBXFileReference; lastKnownFileType = sourcecode.swift; path = Third_party_frameworkUITests.swift; sourceTree = "<group>"; };
		393E36B2214F94F60063189B /* Info.plist */ = {isa = PBXFileReference; lastKnownFileType = text.plist.xml; path = Info.plist; sourceTree = "<group>"; };
		393E36BF214FA1570063189B /* Alamofire.framework */ = {isa = PBXFileReference; explicitFileType = wrapper.framework; path = Alamofire.framework; sourceTree = BUILT_PRODUCTS_DIR; };
		393E36C12150D1240063189B /* SearchModel.swift */ = {isa = PBXFileReference; lastKnownFileType = sourcecode.swift; path = SearchModel.swift; sourceTree = "<group>"; };
		393E36C52150D9EB0063189B /* PSSearchViewModel.swift */ = {isa = PBXFileReference; lastKnownFileType = sourcecode.swift; path = PSSearchViewModel.swift; sourceTree = "<group>"; };
		397366BA21B6331000B24547 /* XSLPhotoBrowserTransitioningDelegate.swift */ = {isa = PBXFileReference; lastKnownFileType = sourcecode.swift; path = XSLPhotoBrowserTransitioningDelegate.swift; sourceTree = "<group>"; };
		397366BC21B63AF700B24547 /* XSLPhotoBrowserTransitioning.swift */ = {isa = PBXFileReference; lastKnownFileType = sourcecode.swift; path = XSLPhotoBrowserTransitioning.swift; sourceTree = "<group>"; };
		397366BE21B6582900B24547 /* XSLPresentationController.swift */ = {isa = PBXFileReference; lastKnownFileType = sourcecode.swift; path = XSLPresentationController.swift; sourceTree = "<group>"; };
		397366C021B6609300B24547 /* XSLPhotoBrowserFadeTransitioning.swift */ = {isa = PBXFileReference; lastKnownFileType = sourcecode.swift; path = XSLPhotoBrowserFadeTransitioning.swift; sourceTree = "<group>"; };
		397366C321B6619F00B24547 /* XSLPhotoFadePresentingAnimator.swift */ = {isa = PBXFileReference; lastKnownFileType = sourcecode.swift; path = XSLPhotoFadePresentingAnimator.swift; sourceTree = "<group>"; };
		397366C521B6628600B24547 /* XSLPhotoFadeDismissingAnimator.swift */ = {isa = PBXFileReference; lastKnownFileType = sourcecode.swift; path = XSLPhotoFadeDismissingAnimator.swift; sourceTree = "<group>"; };
		397366C821B66AC300B24547 /* XSLPhotoBrowserZoomtransitioning.swift */ = {isa = PBXFileReference; lastKnownFileType = sourcecode.swift; path = XSLPhotoBrowserZoomtransitioning.swift; sourceTree = "<group>"; };
		397366CA21B66EB300B24547 /* XSLPhotoBrowserZoomAnimator.swift */ = {isa = PBXFileReference; lastKnownFileType = sourcecode.swift; path = XSLPhotoBrowserZoomAnimator.swift; sourceTree = "<group>"; };
		397366CC21B6703300B24547 /* XSLPhotoBrowserZoomPresentingAnimator.swift */ = {isa = PBXFileReference; lastKnownFileType = sourcecode.swift; path = XSLPhotoBrowserZoomPresentingAnimator.swift; sourceTree = "<group>"; };
		397366CE21B6785000B24547 /* XSLPhotoBrowserZoomDidmissingAnimator.swift */ = {isa = PBXFileReference; lastKnownFileType = sourcecode.swift; path = XSLPhotoBrowserZoomDidmissingAnimator.swift; sourceTree = "<group>"; };
		39D384F2215A4FE30012119A /* ResultViewController.swift */ = {isa = PBXFileReference; lastKnownFileType = sourcecode.swift; path = ResultViewController.swift; sourceTree = "<group>"; };
		39E0B03C2175D15100ACAD39 /* PSTableViewCell.swift */ = {isa = PBXFileReference; lastKnownFileType = sourcecode.swift; path = PSTableViewCell.swift; sourceTree = "<group>"; };
		39E0B03F2177249500ACAD39 /* PhotoAnimation.swift */ = {isa = PBXFileReference; lastKnownFileType = sourcecode.swift; path = PhotoAnimation.swift; sourceTree = "<group>"; };
		39E0B0412177250300ACAD39 /* BrowseViewController.swift */ = {isa = PBXFileReference; lastKnownFileType = sourcecode.swift; path = BrowseViewController.swift; sourceTree = "<group>"; };
		39E0B0432177254D00ACAD39 /* BrowseCollectionViewCell.swift */ = {isa = PBXFileReference; lastKnownFileType = sourcecode.swift; path = BrowseCollectionViewCell.swift; sourceTree = "<group>"; };
		39E0B045217725A400ACAD39 /* BrowsePageControl.swift */ = {isa = PBXFileReference; lastKnownFileType = sourcecode.swift; path = BrowsePageControl.swift; sourceTree = "<group>"; };
		39F150FF215E26470009F729 /* DetailSearchController.swift */ = {isa = PBXFileReference; lastKnownFileType = sourcecode.swift; path = DetailSearchController.swift; sourceTree = "<group>"; };
		39F15100215E26470009F729 /* DetailSearchController.xib */ = {isa = PBXFileReference; lastKnownFileType = file.xib; path = DetailSearchController.xib; sourceTree = "<group>"; };
		39F15104215F2BB90009F729 /* PSStepCell.swift */ = {isa = PBXFileReference; lastKnownFileType = sourcecode.swift; path = PSStepCell.swift; sourceTree = "<group>"; };
		39F15105215F2BB90009F729 /* PSStepCell.xib */ = {isa = PBXFileReference; lastKnownFileType = file.xib; path = PSStepCell.xib; sourceTree = "<group>"; };
		39F15108215F5A5A0009F729 /* DetailSearchViewModel.swift */ = {isa = PBXFileReference; lastKnownFileType = sourcecode.swift; path = DetailSearchViewModel.swift; sourceTree = "<group>"; };
		39F1510A215F66DC0009F729 /* DetailModel.swift */ = {isa = PBXFileReference; lastKnownFileType = sourcecode.swift; path = DetailModel.swift; sourceTree = "<group>"; };
		42303F6BAA182DCA9D6D0E61 /* Pods_Third_party_framework.framework */ = {isa = PBXFileReference; explicitFileType = wrapper.framework; includeInIndex = 0; path = Pods_Third_party_framework.framework; sourceTree = BUILT_PRODUCTS_DIR; };
		4E9337BE2B9C80BB4C34BE46 /* Pods-Third-party-framework.debug.xcconfig */ = {isa = PBXFileReference; includeInIndex = 1; lastKnownFileType = text.xcconfig; name = "Pods-Third-party-framework.debug.xcconfig"; path = "Pods/Target Support Files/Pods-Third-party-framework/Pods-Third-party-framework.debug.xcconfig"; sourceTree = "<group>"; };
		A704067A1763D15CDAF7FF96 /* Pods-Third-party-frameworkUITests.release.xcconfig */ = {isa = PBXFileReference; includeInIndex = 1; lastKnownFileType = text.xcconfig; name = "Pods-Third-party-frameworkUITests.release.xcconfig"; path = "Pods/Target Support Files/Pods-Third-party-frameworkUITests/Pods-Third-party-frameworkUITests.release.xcconfig"; sourceTree = "<group>"; };
		C2D6AF220649C84FCD51B683 /* Pods_Third_party_frameworkUITests.framework */ = {isa = PBXFileReference; explicitFileType = wrapper.framework; includeInIndex = 0; path = Pods_Third_party_frameworkUITests.framework; sourceTree = BUILT_PRODUCTS_DIR; };
		C2E3E05072E9668E97138ABF /* Pods-Third-party-frameworkTests.release.xcconfig */ = {isa = PBXFileReference; includeInIndex = 1; lastKnownFileType = text.xcconfig; name = "Pods-Third-party-frameworkTests.release.xcconfig"; path = "Pods/Target Support Files/Pods-Third-party-frameworkTests/Pods-Third-party-frameworkTests.release.xcconfig"; sourceTree = "<group>"; };
/* End PBXFileReference section */

/* Begin PBXFrameworksBuildPhase section */
		393E368A214F94F60063189B /* Frameworks */ = {
			isa = PBXFrameworksBuildPhase;
			buildActionMask = 2147483647;
			files = (
				851C2BAD887154A9B7121139 /* Pods_Third_party_framework.framework in Frameworks */,
			);
			runOnlyForDeploymentPostprocessing = 0;
		};
		393E369E214F94F60063189B /* Frameworks */ = {
			isa = PBXFrameworksBuildPhase;
			buildActionMask = 2147483647;
			files = (
				804C5CED3A2DEB3A6A7D513F /* Pods_Third_party_frameworkTests.framework in Frameworks */,
			);
			runOnlyForDeploymentPostprocessing = 0;
		};
		393E36A9214F94F60063189B /* Frameworks */ = {
			isa = PBXFrameworksBuildPhase;
			buildActionMask = 2147483647;
			files = (
				BD97D76FA74653C65B19539F /* Pods_Third_party_frameworkUITests.framework in Frameworks */,
			);
			runOnlyForDeploymentPostprocessing = 0;
		};
/* End PBXFrameworksBuildPhase section */

/* Begin PBXGroup section */
		393E3684214F94F60063189B = {
			isa = PBXGroup;
			children = (
				393E368F214F94F60063189B /* Third-party-framework */,
				393E36A4214F94F60063189B /* Third-party-frameworkTests */,
				393E36AF214F94F60063189B /* Third-party-frameworkUITests */,
				393E368E214F94F60063189B /* Products */,
				A3337801EDF0EC00677D31D4 /* Pods */,
				8FC86D8D6D39B3238AE9B332 /* Frameworks */,
			);
			sourceTree = "<group>";
		};
		393E368E214F94F60063189B /* Products */ = {
			isa = PBXGroup;
			children = (
				393E368D214F94F60063189B /* Third-party-framework.app */,
				393E36A1214F94F60063189B /* Third-party-frameworkTests.xctest */,
				393E36AC214F94F60063189B /* Third-party-frameworkUITests.xctest */,
			);
			name = Products;
			sourceTree = "<group>";
		};
		393E368F214F94F60063189B /* Third-party-framework */ = {
			isa = PBXGroup;
			children = (
				39CE0C1621953CF70086D314 /* 图片加载框架 */,
				39E0B03E2177245800ACAD39 /* 转场动画 */,
				39F150FD215E25430009F729 /* SearchController */,
				393E36C42150D9C50063189B /* ViewModel */,
				393E36C02150D1030063189B /* Model */,
				39F15103215F2B7E0009F729 /* View */,
				393E3690214F94F60063189B /* AppDelegate.swift */,
				393E3694214F94F60063189B /* Main.storyboard */,
				393E3697214F94F60063189B /* Assets.xcassets */,
				393E3699214F94F60063189B /* LaunchScreen.storyboard */,
				393E369C214F94F60063189B /* Info.plist */,
			);
			path = "Third-party-framework";
			sourceTree = "<group>";
		};
		393E36A4214F94F60063189B /* Third-party-frameworkTests */ = {
			isa = PBXGroup;
			children = (
				393E36A5214F94F60063189B /* Third_party_frameworkTests.swift */,
				393E36A7214F94F60063189B /* Info.plist */,
			);
			path = "Third-party-frameworkTests";
			sourceTree = "<group>";
		};
		393E36AF214F94F60063189B /* Third-party-frameworkUITests */ = {
			isa = PBXGroup;
			children = (
				393E36B0214F94F60063189B /* Third_party_frameworkUITests.swift */,
				393E36B2214F94F60063189B /* Info.plist */,
			);
			path = "Third-party-frameworkUITests";
			sourceTree = "<group>";
		};
		393E36C02150D1030063189B /* Model */ = {
			isa = PBXGroup;
			children = (
				393E36C12150D1240063189B /* SearchModel.swift */,
				39F1510A215F66DC0009F729 /* DetailModel.swift */,
			);
			path = Model;
			sourceTree = "<group>";
		};
		393E36C42150D9C50063189B /* ViewModel */ = {
			isa = PBXGroup;
			children = (
				393E36C52150D9EB0063189B /* PSSearchViewModel.swift */,
				39F15108215F5A5A0009F729 /* DetailSearchViewModel.swift */,
			);
			path = ViewModel;
			sourceTree = "<group>";
		};
		397366B721B6325B00B24547 /* 动画实现相关 */ = {
			isa = PBXGroup;
			children = (
				397366BC21B63AF700B24547 /* XSLPhotoBrowserTransitioning.swift */,
				397366C021B6609300B24547 /* XSLPhotoBrowserFadeTransitioning.swift */,
				397366C821B66AC300B24547 /* XSLPhotoBrowserZoomtransitioning.swift */,
				397366BE21B6582900B24547 /* XSLPresentationController.swift */,
			);
			path = "动画实现相关";
			sourceTree = "<group>";
		};
		397366C221B660DA00B24547 /* Animator */ = {
			isa = PBXGroup;
			children = (
				397366C321B6619F00B24547 /* XSLPhotoFadePresentingAnimator.swift */,
				397366C521B6628600B24547 /* XSLPhotoFadeDismissingAnimator.swift */,
				397366CA21B66EB300B24547 /* XSLPhotoBrowserZoomAnimator.swift */,
				397366CC21B6703300B24547 /* XSLPhotoBrowserZoomPresentingAnimator.swift */,
				397366CE21B6785000B24547 /* XSLPhotoBrowserZoomDidmissingAnimator.swift */,
			);
			path = Animator;
			sourceTree = "<group>";
		};
		397366C721B66A8100B24547 /* protocol */ = {
			isa = PBXGroup;
			children = (
				397366BA21B6331000B24547 /* XSLPhotoBrowserTransitioningDelegate.swift */,
			);
			path = protocol;
			sourceTree = "<group>";
		};
		39CE0C1621953CF70086D314 /* 图片加载框架 */ = {
			isa = PBXGroup;
			children = (
				397366C721B66A8100B24547 /* protocol */,
				397366C221B660DA00B24547 /* Animator */,
				397366B721B6325B00B24547 /* 动画实现相关 */,
			);
			path = "图片加载框架";
			sourceTree = "<group>";
		};
		39E0B03E2177245800ACAD39 /* 转场动画 */ = {
			isa = PBXGroup;
			children = (
				39E0B03F2177249500ACAD39 /* PhotoAnimation.swift */,
				39E0B0412177250300ACAD39 /* BrowseViewController.swift */,
				39E0B0432177254D00ACAD39 /* BrowseCollectionViewCell.swift */,
				39E0B045217725A400ACAD39 /* BrowsePageControl.swift */,
			);
			path = "转场动画";
			sourceTree = "<group>";
		};
		39F150FD215E25430009F729 /* SearchController */ = {
			isa = PBXGroup;
			children = (
				393E3692214F94F60063189B /* ViewController.swift */,
				39D384F2215A4FE30012119A /* ResultViewController.swift */,
				39F150FF215E26470009F729 /* DetailSearchController.swift */,
				39F15100215E26470009F729 /* DetailSearchController.xib */,
			);
			path = SearchController;
			sourceTree = "<group>";
		};
		39F15103215F2B7E0009F729 /* View */ = {
			isa = PBXGroup;
			children = (
				39F15104215F2BB90009F729 /* PSStepCell.swift */,
				39F15105215F2BB90009F729 /* PSStepCell.xib */,
				39E0B03C2175D15100ACAD39 /* PSTableViewCell.swift */,
			);
			path = View;
			sourceTree = "<group>";
		};
		8FC86D8D6D39B3238AE9B332 /* Frameworks */ = {
			isa = PBXGroup;
			children = (
				393E36BF214FA1570063189B /* Alamofire.framework */,
				42303F6BAA182DCA9D6D0E61 /* Pods_Third_party_framework.framework */,
				2AD39684A5D1DB9F55C4AAD2 /* Pods_Third_party_frameworkTests.framework */,
				C2D6AF220649C84FCD51B683 /* Pods_Third_party_frameworkUITests.framework */,
			);
			name = Frameworks;
			sourceTree = "<group>";
		};
		A3337801EDF0EC00677D31D4 /* Pods */ = {
			isa = PBXGroup;
			children = (
				4E9337BE2B9C80BB4C34BE46 /* Pods-Third-party-framework.debug.xcconfig */,
				152488905F8B9C04B3C5B275 /* Pods-Third-party-framework.release.xcconfig */,
				0441AE9763E432705B0415AA /* Pods-Third-party-frameworkTests.debug.xcconfig */,
				C2E3E05072E9668E97138ABF /* Pods-Third-party-frameworkTests.release.xcconfig */,
				169846AEE9AE5FDEEDEC1DC8 /* Pods-Third-party-frameworkUITests.debug.xcconfig */,
				A704067A1763D15CDAF7FF96 /* Pods-Third-party-frameworkUITests.release.xcconfig */,
			);
			name = Pods;
			sourceTree = "<group>";
		};
/* End PBXGroup section */

/* Begin PBXNativeTarget section */
		393E368C214F94F60063189B /* Third-party-framework */ = {
			isa = PBXNativeTarget;
			buildConfigurationList = 393E36B5214F94F60063189B /* Build configuration list for PBXNativeTarget "Third-party-framework" */;
			buildPhases = (
				41AE08A5F46E85C4064DE0F9 /* [CP] Check Pods Manifest.lock */,
				393E3689214F94F60063189B /* Sources */,
				393E368A214F94F60063189B /* Frameworks */,
				393E368B214F94F60063189B /* Resources */,
				0B4E650E6B6D9B599A5D6781 /* [CP] Embed Pods Frameworks */,
			);
			buildRules = (
			);
			dependencies = (
			);
			name = "Third-party-framework";
			productName = "Third-party-framework";
			productReference = 393E368D214F94F60063189B /* Third-party-framework.app */;
			productType = "com.apple.product-type.application";
		};
		393E36A0214F94F60063189B /* Third-party-frameworkTests */ = {
			isa = PBXNativeTarget;
			buildConfigurationList = 393E36B8214F94F60063189B /* Build configuration list for PBXNativeTarget "Third-party-frameworkTests" */;
			buildPhases = (
				AAA7EA4B164A2E8F25461F19 /* [CP] Check Pods Manifest.lock */,
				393E369D214F94F60063189B /* Sources */,
				393E369E214F94F60063189B /* Frameworks */,
				393E369F214F94F60063189B /* Resources */,
			);
			buildRules = (
			);
			dependencies = (
				393E36A3214F94F60063189B /* PBXTargetDependency */,
			);
			name = "Third-party-frameworkTests";
			productName = "Third-party-frameworkTests";
			productReference = 393E36A1214F94F60063189B /* Third-party-frameworkTests.xctest */;
			productType = "com.apple.product-type.bundle.unit-test";
		};
		393E36AB214F94F60063189B /* Third-party-frameworkUITests */ = {
			isa = PBXNativeTarget;
			buildConfigurationList = 393E36BB214F94F60063189B /* Build configuration list for PBXNativeTarget "Third-party-frameworkUITests" */;
			buildPhases = (
				6D4AFB683E460D84C16A1904 /* [CP] Check Pods Manifest.lock */,
				393E36A8214F94F60063189B /* Sources */,
				393E36A9214F94F60063189B /* Frameworks */,
				393E36AA214F94F60063189B /* Resources */,
			);
			buildRules = (
			);
			dependencies = (
				393E36AE214F94F60063189B /* PBXTargetDependency */,
			);
			name = "Third-party-frameworkUITests";
			productName = "Third-party-frameworkUITests";
			productReference = 393E36AC214F94F60063189B /* Third-party-frameworkUITests.xctest */;
			productType = "com.apple.product-type.bundle.ui-testing";
		};
/* End PBXNativeTarget section */

/* Begin PBXProject section */
		393E3685214F94F60063189B /* Project object */ = {
			isa = PBXProject;
			attributes = {
				LastSwiftUpdateCheck = 0920;
				LastUpgradeCheck = 0920;
				ORGANIZATIONNAME = "廖佩志";
				TargetAttributes = {
					393E368C214F94F60063189B = {
						CreatedOnToolsVersion = 9.2;
						ProvisioningStyle = Automatic;
					};
					393E36A0214F94F60063189B = {
						CreatedOnToolsVersion = 9.2;
						ProvisioningStyle = Automatic;
						TestTargetID = 393E368C214F94F60063189B;
					};
					393E36AB214F94F60063189B = {
						CreatedOnToolsVersion = 9.2;
						ProvisioningStyle = Automatic;
						TestTargetID = 393E368C214F94F60063189B;
					};
				};
			};
			buildConfigurationList = 393E3688214F94F60063189B /* Build configuration list for PBXProject "Third-party-framework" */;
			compatibilityVersion = "Xcode 8.0";
			developmentRegion = en;
			hasScannedForEncodings = 0;
			knownRegions = (
				en,
				Base,
			);
			mainGroup = 393E3684214F94F60063189B;
			productRefGroup = 393E368E214F94F60063189B /* Products */;
			projectDirPath = "";
			projectRoot = "";
			targets = (
				393E368C214F94F60063189B /* Third-party-framework */,
				393E36A0214F94F60063189B /* Third-party-frameworkTests */,
				393E36AB214F94F60063189B /* Third-party-frameworkUITests */,
			);
		};
/* End PBXProject section */

/* Begin PBXResourcesBuildPhase section */
		393E368B214F94F60063189B /* Resources */ = {
			isa = PBXResourcesBuildPhase;
			buildActionMask = 2147483647;
			files = (
				39F15107215F2BB90009F729 /* PSStepCell.xib in Resources */,
				39F15102215E26470009F729 /* DetailSearchController.xib in Resources */,
				393E369B214F94F60063189B /* LaunchScreen.storyboard in Resources */,
				393E3698214F94F60063189B /* Assets.xcassets in Resources */,
				393E3696214F94F60063189B /* Main.storyboard in Resources */,
			);
			runOnlyForDeploymentPostprocessing = 0;
		};
		393E369F214F94F60063189B /* Resources */ = {
			isa = PBXResourcesBuildPhase;
			buildActionMask = 2147483647;
			files = (
			);
			runOnlyForDeploymentPostprocessing = 0;
		};
		393E36AA214F94F60063189B /* Resources */ = {
			isa = PBXResourcesBuildPhase;
			buildActionMask = 2147483647;
			files = (
			);
			runOnlyForDeploymentPostprocessing = 0;
		};
/* End PBXResourcesBuildPhase section */

/* Begin PBXShellScriptBuildPhase section */
		0B4E650E6B6D9B599A5D6781 /* [CP] Embed Pods Frameworks */ = {
			isa = PBXShellScriptBuildPhase;
			buildActionMask = 2147483647;
			files = (
			);
			inputPaths = (
				"${SRCROOT}/Pods/Target Support Files/Pods-Third-party-framework/Pods-Third-party-framework-frameworks.sh",
				"${BUILT_PRODUCTS_DIR}/Alamofire/Alamofire.framework",
				"${BUILT_PRODUCTS_DIR}/FLAnimatedImage/FLAnimatedImage.framework",
				"${BUILT_PRODUCTS_DIR}/Kingfisher/Kingfisher.framework",
				"${BUILT_PRODUCTS_DIR}/SDWebImage/SDWebImage.framework",
				"${BUILT_PRODUCTS_DIR}/SnapKit/SnapKit.framework",
				"${BUILT_PRODUCTS_DIR}/SwiftyJSON/SwiftyJSON.framework",
			);
			name = "[CP] Embed Pods Frameworks";
			outputPaths = (
				"${TARGET_BUILD_DIR}/${FRAMEWORKS_FOLDER_PATH}/Alamofire.framework",
				"${TARGET_BUILD_DIR}/${FRAMEWORKS_FOLDER_PATH}/FLAnimatedImage.framework",
				"${TARGET_BUILD_DIR}/${FRAMEWORKS_FOLDER_PATH}/Kingfisher.framework",
				"${TARGET_BUILD_DIR}/${FRAMEWORKS_FOLDER_PATH}/SDWebImage.framework",
				"${TARGET_BUILD_DIR}/${FRAMEWORKS_FOLDER_PATH}/SnapKit.framework",
				"${TARGET_BUILD_DIR}/${FRAMEWORKS_FOLDER_PATH}/SwiftyJSON.framework",
			);
			runOnlyForDeploymentPostprocessing = 0;
			shellPath = /bin/sh;
			shellScript = "\"${SRCROOT}/Pods/Target Support Files/Pods-Third-party-framework/Pods-Third-party-framework-frameworks.sh\"\n";
			showEnvVarsInLog = 0;
		};
		41AE08A5F46E85C4064DE0F9 /* [CP] Check Pods Manifest.lock */ = {
			isa = PBXShellScriptBuildPhase;
			buildActionMask = 2147483647;
			files = (
			);
			inputPaths = (
				"${PODS_PODFILE_DIR_PATH}/Podfile.lock",
				"${PODS_ROOT}/Manifest.lock",
			);
			name = "[CP] Check Pods Manifest.lock";
			outputPaths = (
				"$(DERIVED_FILE_DIR)/Pods-Third-party-framework-checkManifestLockResult.txt",
			);
			runOnlyForDeploymentPostprocessing = 0;
			shellPath = /bin/sh;
			shellScript = "diff \"${PODS_PODFILE_DIR_PATH}/Podfile.lock\" \"${PODS_ROOT}/Manifest.lock\" > /dev/null\nif [ $? != 0 ] ; then\n    # print error to STDERR\n    echo \"error: The sandbox is not in sync with the Podfile.lock. Run 'pod install' or update your CocoaPods installation.\" >&2\n    exit 1\nfi\n# This output is used by Xcode 'outputs' to avoid re-running this script phase.\necho \"SUCCESS\" > \"${SCRIPT_OUTPUT_FILE_0}\"\n";
			showEnvVarsInLog = 0;
		};
		6D4AFB683E460D84C16A1904 /* [CP] Check Pods Manifest.lock */ = {
			isa = PBXShellScriptBuildPhase;
			buildActionMask = 2147483647;
			files = (
			);
			inputPaths = (
				"${PODS_PODFILE_DIR_PATH}/Podfile.lock",
				"${PODS_ROOT}/Manifest.lock",
			);
			name = "[CP] Check Pods Manifest.lock";
			outputPaths = (
				"$(DERIVED_FILE_DIR)/Pods-Third-party-frameworkUITests-checkManifestLockResult.txt",
			);
			runOnlyForDeploymentPostprocessing = 0;
			shellPath = /bin/sh;
			shellScript = "diff \"${PODS_PODFILE_DIR_PATH}/Podfile.lock\" \"${PODS_ROOT}/Manifest.lock\" > /dev/null\nif [ $? != 0 ] ; then\n    # print error to STDERR\n    echo \"error: The sandbox is not in sync with the Podfile.lock. Run 'pod install' or update your CocoaPods installation.\" >&2\n    exit 1\nfi\n# This output is used by Xcode 'outputs' to avoid re-running this script phase.\necho \"SUCCESS\" > \"${SCRIPT_OUTPUT_FILE_0}\"\n";
			showEnvVarsInLog = 0;
		};
		AAA7EA4B164A2E8F25461F19 /* [CP] Check Pods Manifest.lock */ = {
			isa = PBXShellScriptBuildPhase;
			buildActionMask = 2147483647;
			files = (
			);
			inputPaths = (
				"${PODS_PODFILE_DIR_PATH}/Podfile.lock",
				"${PODS_ROOT}/Manifest.lock",
			);
			name = "[CP] Check Pods Manifest.lock";
			outputPaths = (
				"$(DERIVED_FILE_DIR)/Pods-Third-party-frameworkTests-checkManifestLockResult.txt",
			);
			runOnlyForDeploymentPostprocessing = 0;
			shellPath = /bin/sh;
			shellScript = "diff \"${PODS_PODFILE_DIR_PATH}/Podfile.lock\" \"${PODS_ROOT}/Manifest.lock\" > /dev/null\nif [ $? != 0 ] ; then\n    # print error to STDERR\n    echo \"error: The sandbox is not in sync with the Podfile.lock. Run 'pod install' or update your CocoaPods installation.\" >&2\n    exit 1\nfi\n# This output is used by Xcode 'outputs' to avoid re-running this script phase.\necho \"SUCCESS\" > \"${SCRIPT_OUTPUT_FILE_0}\"\n";
			showEnvVarsInLog = 0;
		};
/* End PBXShellScriptBuildPhase section */

/* Begin PBXSourcesBuildPhase section */
		393E3689214F94F60063189B /* Sources */ = {
			isa = PBXSourcesBuildPhase;
			buildActionMask = 2147483647;
			files = (
				39E0B046217725A400ACAD39 /* BrowsePageControl.swift in Sources */,
				397366C121B6609300B24547 /* XSLPhotoBrowserFadeTransitioning.swift in Sources */,
				39E0B03D2175D15100ACAD39 /* PSTableViewCell.swift in Sources */,
				39E0B0442177254D00ACAD39 /* BrowseCollectionViewCell.swift in Sources */,
				39F15101215E26470009F729 /* DetailSearchController.swift in Sources */,
				39D384F3215A4FE30012119A /* ResultViewController.swift in Sources */,
				397366CF21B6785000B24547 /* XSLPhotoBrowserZoomDidmissingAnimator.swift in Sources */,
				397366C421B6619F00B24547 /* XSLPhotoFadePresentingAnimator.swift in Sources */,
				393E36C22150D1240063189B /* SearchModel.swift in Sources */,
				39F1510B215F66DC0009F729 /* DetailModel.swift in Sources */,
				397366BD21B63AF700B24547 /* XSLPhotoBrowserTransitioning.swift in Sources */,
				397366BB21B6331000B24547 /* XSLPhotoBrowserTransitioningDelegate.swift in Sources */,
				39F15109215F5A5A0009F729 /* DetailSearchViewModel.swift in Sources */,
				39E0B0422177250300ACAD39 /* BrowseViewController.swift in Sources */,
				397366C621B6628600B24547 /* XSLPhotoFadeDismissingAnimator.swift in Sources */,
				39F15106215F2BB90009F729 /* PSStepCell.swift in Sources */,
				397366CD21B6703300B24547 /* XSLPhotoBrowserZoomPresentingAnimator.swift in Sources */,
				393E3693214F94F60063189B /* ViewController.swift in Sources */,
				393E3691214F94F60063189B /* AppDelegate.swift in Sources */,
				39E0B0402177249500ACAD39 /* PhotoAnimation.swift in Sources */,
				397366C921B66AC300B24547 /* XSLPhotoBrowserZoomtransitioning.swift in Sources */,
				397366CB21B66EB300B24547 /* XSLPhotoBrowserZoomAnimator.swift in Sources */,
				393E36C62150D9EB0063189B /* PSSearchViewModel.swift in Sources */,
				397366BF21B6582900B24547 /* XSLPresentationController.swift in Sources */,
			);
			runOnlyForDeploymentPostprocessing = 0;
		};
		393E369D214F94F60063189B /* Sources */ = {
			isa = PBXSourcesBuildPhase;
			buildActionMask = 2147483647;
			files = (
				393E36A6214F94F60063189B /* Third_party_frameworkTests.swift in Sources */,
			);
			runOnlyForDeploymentPostprocessing = 0;
		};
		393E36A8214F94F60063189B /* Sources */ = {
			isa = PBXSourcesBuildPhase;
			buildActionMask = 2147483647;
			files = (
				393E36B1214F94F60063189B /* Third_party_frameworkUITests.swift in Sources */,
			);
			runOnlyForDeploymentPostprocessing = 0;
		};
/* End PBXSourcesBuildPhase section */

/* Begin PBXTargetDependency section */
		393E36A3214F94F60063189B /* PBXTargetDependency */ = {
			isa = PBXTargetDependency;
			target = 393E368C214F94F60063189B /* Third-party-framework */;
			targetProxy = 393E36A2214F94F60063189B /* PBXContainerItemProxy */;
		};
		393E36AE214F94F60063189B /* PBXTargetDependency */ = {
			isa = PBXTargetDependency;
			target = 393E368C214F94F60063189B /* Third-party-framework */;
			targetProxy = 393E36AD214F94F60063189B /* PBXContainerItemProxy */;
		};
/* End PBXTargetDependency section */

/* Begin PBXVariantGroup section */
		393E3694214F94F60063189B /* Main.storyboard */ = {
			isa = PBXVariantGroup;
			children = (
				393E3695214F94F60063189B /* Base */,
			);
			name = Main.storyboard;
			sourceTree = "<group>";
		};
		393E3699214F94F60063189B /* LaunchScreen.storyboard */ = {
			isa = PBXVariantGroup;
			children = (
				393E369A214F94F60063189B /* Base */,
			);
			name = LaunchScreen.storyboard;
			sourceTree = "<group>";
		};
/* End PBXVariantGroup section */

/* Begin XCBuildConfiguration section */
		393E36B3214F94F60063189B /* Debug */ = {
			isa = XCBuildConfiguration;
			buildSettings = {
				ALWAYS_SEARCH_USER_PATHS = NO;
				CLANG_ANALYZER_NONNULL = YES;
				CLANG_ANALYZER_NUMBER_OBJECT_CONVERSION = YES_AGGRESSIVE;
				CLANG_CXX_LANGUAGE_STANDARD = "gnu++14";
				CLANG_CXX_LIBRARY = "libc++";
				CLANG_ENABLE_MODULES = YES;
				CLANG_ENABLE_OBJC_ARC = YES;
				CLANG_WARN_BLOCK_CAPTURE_AUTORELEASING = YES;
				CLANG_WARN_BOOL_CONVERSION = YES;
				CLANG_WARN_COMMA = YES;
				CLANG_WARN_CONSTANT_CONVERSION = YES;
				CLANG_WARN_DIRECT_OBJC_ISA_USAGE = YES_ERROR;
				CLANG_WARN_DOCUMENTATION_COMMENTS = YES;
				CLANG_WARN_EMPTY_BODY = YES;
				CLANG_WARN_ENUM_CONVERSION = YES;
				CLANG_WARN_INFINITE_RECURSION = YES;
				CLANG_WARN_INT_CONVERSION = YES;
				CLANG_WARN_NON_LITERAL_NULL_CONVERSION = YES;
				CLANG_WARN_OBJC_LITERAL_CONVERSION = YES;
				CLANG_WARN_OBJC_ROOT_CLASS = YES_ERROR;
				CLANG_WARN_RANGE_LOOP_ANALYSIS = YES;
				CLANG_WARN_STRICT_PROTOTYPES = YES;
				CLANG_WARN_SUSPICIOUS_MOVE = YES;
				CLANG_WARN_UNGUARDED_AVAILABILITY = YES_AGGRESSIVE;
				CLANG_WARN_UNREACHABLE_CODE = YES;
				CLANG_WARN__DUPLICATE_METHOD_MATCH = YES;
				CODE_SIGN_IDENTITY = "iPhone Developer";
				COPY_PHASE_STRIP = NO;
				DEBUG_ACTIVITY_MODE = "";
				"DEBUG_ACTIVITY_MODE[sdk=iphonesimulator*]" = default;
				DEBUG_INFORMATION_FORMAT = dwarf;
				ENABLE_STRICT_OBJC_MSGSEND = YES;
				ENABLE_TESTABILITY = YES;
				GCC_C_LANGUAGE_STANDARD = gnu11;
				GCC_DYNAMIC_NO_PIC = NO;
				GCC_NO_COMMON_BLOCKS = YES;
				GCC_OPTIMIZATION_LEVEL = 0;
				GCC_PREPROCESSOR_DEFINITIONS = (
					"DEBUG=1",
					"$(inherited)",
				);
				GCC_WARN_64_TO_32_BIT_CONVERSION = YES;
				GCC_WARN_ABOUT_RETURN_TYPE = YES_ERROR;
				GCC_WARN_UNDECLARED_SELECTOR = YES;
				GCC_WARN_UNINITIALIZED_AUTOS = YES_AGGRESSIVE;
				GCC_WARN_UNUSED_FUNCTION = YES;
				GCC_WARN_UNUSED_VARIABLE = YES;
				IPHONEOS_DEPLOYMENT_TARGET = 11.2;
				MTL_ENABLE_DEBUG_INFO = YES;
				ONLY_ACTIVE_ARCH = YES;
				SDKROOT = iphoneos;
				SWIFT_ACTIVE_COMPILATION_CONDITIONS = DEBUG;
				SWIFT_OPTIMIZATION_LEVEL = "-Onone";
			};
			name = Debug;
		};
		393E36B4214F94F60063189B /* Release */ = {
			isa = XCBuildConfiguration;
			buildSettings = {
				ALWAYS_SEARCH_USER_PATHS = NO;
				CLANG_ANALYZER_NONNULL = YES;
				CLANG_ANALYZER_NUMBER_OBJECT_CONVERSION = YES_AGGRESSIVE;
				CLANG_CXX_LANGUAGE_STANDARD = "gnu++14";
				CLANG_CXX_LIBRARY = "libc++";
				CLANG_ENABLE_MODULES = YES;
				CLANG_ENABLE_OBJC_ARC = YES;
				CLANG_WARN_BLOCK_CAPTURE_AUTORELEASING = YES;
				CLANG_WARN_BOOL_CONVERSION = YES;
				CLANG_WARN_COMMA = YES;
				CLANG_WARN_CONSTANT_CONVERSION = YES;
				CLANG_WARN_DIRECT_OBJC_ISA_USAGE = YES_ERROR;
				CLANG_WARN_DOCUMENTATION_COMMENTS = YES;
				CLANG_WARN_EMPTY_BODY = YES;
				CLANG_WARN_ENUM_CONVERSION = YES;
				CLANG_WARN_INFINITE_RECURSION = YES;
				CLANG_WARN_INT_CONVERSION = YES;
				CLANG_WARN_NON_LITERAL_NULL_CONVERSION = YES;
				CLANG_WARN_OBJC_LITERAL_CONVERSION = YES;
				CLANG_WARN_OBJC_ROOT_CLASS = YES_ERROR;
				CLANG_WARN_RANGE_LOOP_ANALYSIS = YES;
				CLANG_WARN_STRICT_PROTOTYPES = YES;
				CLANG_WARN_SUSPICIOUS_MOVE = YES;
				CLANG_WARN_UNGUARDED_AVAILABILITY = YES_AGGRESSIVE;
				CLANG_WARN_UNREACHABLE_CODE = YES;
				CLANG_WARN__DUPLICATE_METHOD_MATCH = YES;
				CODE_SIGN_IDENTITY = "iPhone Developer";
				COPY_PHASE_STRIP = NO;
				DEBUG_ACTIVITY_MODE = "";
				DEBUG_INFORMATION_FORMAT = "dwarf-with-dsym";
				ENABLE_NS_ASSERTIONS = NO;
				ENABLE_STRICT_OBJC_MSGSEND = YES;
				GCC_C_LANGUAGE_STANDARD = gnu11;
				GCC_NO_COMMON_BLOCKS = YES;
				GCC_WARN_64_TO_32_BIT_CONVERSION = YES;
				GCC_WARN_ABOUT_RETURN_TYPE = YES_ERROR;
				GCC_WARN_UNDECLARED_SELECTOR = YES;
				GCC_WARN_UNINITIALIZED_AUTOS = YES_AGGRESSIVE;
				GCC_WARN_UNUSED_FUNCTION = YES;
				GCC_WARN_UNUSED_VARIABLE = YES;
				IPHONEOS_DEPLOYMENT_TARGET = 11.2;
				MTL_ENABLE_DEBUG_INFO = NO;
				SDKROOT = iphoneos;
				SWIFT_OPTIMIZATION_LEVEL = "-Owholemodule";
				VALIDATE_PRODUCT = YES;
			};
			name = Release;
		};
		393E36B6214F94F60063189B /* Debug */ = {
			isa = XCBuildConfiguration;
			baseConfigurationReference = 4E9337BE2B9C80BB4C34BE46 /* Pods-Third-party-framework.debug.xcconfig */;
			buildSettings = {
				ASSETCATALOG_COMPILER_APPICON_NAME = AppIcon;
				CODE_SIGN_STYLE = Automatic;
				DEVELOPMENT_TEAM = 947Y58Z74K;
				INFOPLIST_FILE = "Third-party-framework/Info.plist";
				LD_RUNPATH_SEARCH_PATHS = "$(inherited) @executable_path/Frameworks";
				PRODUCT_BUNDLE_IDENTIFIER = "lpz.code.Third-party-framework";
				PRODUCT_NAME = "$(TARGET_NAME)";
				SWIFT_VERSION = 4.0;
				TARGETED_DEVICE_FAMILY = "1,2";
			};
			name = Debug;
		};
		393E36B7214F94F60063189B /* Release */ = {
			isa = XCBuildConfiguration;
			baseConfigurationReference = 152488905F8B9C04B3C5B275 /* Pods-Third-party-framework.release.xcconfig */;
			buildSettings = {
				ASSETCATALOG_COMPILER_APPICON_NAME = AppIcon;
				CODE_SIGN_STYLE = Automatic;
				DEVELOPMENT_TEAM = 947Y58Z74K;
				INFOPLIST_FILE = "Third-party-framework/Info.plist";
				LD_RUNPATH_SEARCH_PATHS = "$(inherited) @executable_path/Frameworks";
				PRODUCT_BUNDLE_IDENTIFIER = "lpz.code.Third-party-framework";
				PRODUCT_NAME = "$(TARGET_NAME)";
				SWIFT_VERSION = 4.0;
				TARGETED_DEVICE_FAMILY = "1,2";
			};
			name = Release;
		};
		393E36B9214F94F60063189B /* Debug */ = {
			isa = XCBuildConfiguration;
			baseConfigurationReference = 0441AE9763E432705B0415AA /* Pods-Third-party-frameworkTests.debug.xcconfig */;
			buildSettings = {
				ALWAYS_EMBED_SWIFT_STANDARD_LIBRARIES = YES;
				BUNDLE_LOADER = "$(TEST_HOST)";
				CODE_SIGN_STYLE = Automatic;
				DEVELOPMENT_TEAM = 947Y58Z74K;
				INFOPLIST_FILE = "Third-party-frameworkTests/Info.plist";
				LD_RUNPATH_SEARCH_PATHS = "$(inherited) @executable_path/Frameworks @loader_path/Frameworks";
				PRODUCT_BUNDLE_IDENTIFIER = "lpz.code.Third-party-frameworkTests";
				PRODUCT_NAME = "$(TARGET_NAME)";
				SWIFT_VERSION = 4.0;
				TARGETED_DEVICE_FAMILY = "1,2";
				TEST_HOST = "$(BUILT_PRODUCTS_DIR)/Third-party-framework.app/Third-party-framework";
			};
			name = Debug;
		};
		393E36BA214F94F60063189B /* Release */ = {
			isa = XCBuildConfiguration;
			baseConfigurationReference = C2E3E05072E9668E97138ABF /* Pods-Third-party-frameworkTests.release.xcconfig */;
			buildSettings = {
				ALWAYS_EMBED_SWIFT_STANDARD_LIBRARIES = YES;
				BUNDLE_LOADER = "$(TEST_HOST)";
				CODE_SIGN_STYLE = Automatic;
				DEVELOPMENT_TEAM = 947Y58Z74K;
				INFOPLIST_FILE = "Third-party-frameworkTests/Info.plist";
				LD_RUNPATH_SEARCH_PATHS = "$(inherited) @executable_path/Frameworks @loader_path/Frameworks";
				PRODUCT_BUNDLE_IDENTIFIER = "lpz.code.Third-party-frameworkTests";
				PRODUCT_NAME = "$(TARGET_NAME)";
				SWIFT_VERSION = 4.0;
				TARGETED_DEVICE_FAMILY = "1,2";
				TEST_HOST = "$(BUILT_PRODUCTS_DIR)/Third-party-framework.app/Third-party-framework";
			};
			name = Release;
		};
		393E36BC214F94F60063189B /* Debug */ = {
			isa = XCBuildConfiguration;
			baseConfigurationReference = 169846AEE9AE5FDEEDEC1DC8 /* Pods-Third-party-frameworkUITests.debug.xcconfig */;
			buildSettings = {
				ALWAYS_EMBED_SWIFT_STANDARD_LIBRARIES = YES;
				CODE_SIGN_STYLE = Automatic;
				DEVELOPMENT_TEAM = 947Y58Z74K;
				INFOPLIST_FILE = "Third-party-frameworkUITests/Info.plist";
				LD_RUNPATH_SEARCH_PATHS = "$(inherited) @executable_path/Frameworks @loader_path/Frameworks";
				PRODUCT_BUNDLE_IDENTIFIER = "lpz.code.Third-party-frameworkUITests";
				PRODUCT_NAME = "$(TARGET_NAME)";
				SWIFT_VERSION = 4.0;
				TARGETED_DEVICE_FAMILY = "1,2";
				TEST_TARGET_NAME = "Third-party-framework";
			};
			name = Debug;
		};
		393E36BD214F94F60063189B /* Release */ = {
			isa = XCBuildConfiguration;
			baseConfigurationReference = A704067A1763D15CDAF7FF96 /* Pods-Third-party-frameworkUITests.release.xcconfig */;
			buildSettings = {
				ALWAYS_EMBED_SWIFT_STANDARD_LIBRARIES = YES;
				CODE_SIGN_STYLE = Automatic;
				DEVELOPMENT_TEAM = 947Y58Z74K;
				INFOPLIST_FILE = "Third-party-frameworkUITests/Info.plist";
				LD_RUNPATH_SEARCH_PATHS = "$(inherited) @executable_path/Frameworks @loader_path/Frameworks";
				PRODUCT_BUNDLE_IDENTIFIER = "lpz.code.Third-party-frameworkUITests";
				PRODUCT_NAME = "$(TARGET_NAME)";
				SWIFT_VERSION = 4.0;
				TARGETED_DEVICE_FAMILY = "1,2";
				TEST_TARGET_NAME = "Third-party-framework";
			};
			name = Release;
		};
/* End XCBuildConfiguration section */

/* Begin XCConfigurationList section */
		393E3688214F94F60063189B /* Build configuration list for PBXProject "Third-party-framework" */ = {
			isa = XCConfigurationList;
			buildConfigurations = (
				393E36B3214F94F60063189B /* Debug */,
				393E36B4214F94F60063189B /* Release */,
			);
			defaultConfigurationIsVisible = 0;
			defaultConfigurationName = Release;
		};
		393E36B5214F94F60063189B /* Build configuration list for PBXNativeTarget "Third-party-framework" */ = {
			isa = XCConfigurationList;
			buildConfigurations = (
				393E36B6214F94F60063189B /* Debug */,
				393E36B7214F94F60063189B /* Release */,
			);
			defaultConfigurationIsVisible = 0;
			defaultConfigurationName = Release;
		};
		393E36B8214F94F60063189B /* Build configuration list for PBXNativeTarget "Third-party-frameworkTests" */ = {
			isa = XCConfigurationList;
			buildConfigurations = (
				393E36B9214F94F60063189B /* Debug */,
				393E36BA214F94F60063189B /* Release */,
			);
			defaultConfigurationIsVisible = 0;
			defaultConfigurationName = Release;
		};
		393E36BB214F94F60063189B /* Build configuration list for PBXNativeTarget "Third-party-frameworkUITests" */ = {
			isa = XCConfigurationList;
			buildConfigurations = (
				393E36BC214F94F60063189B /* Debug */,
				393E36BD214F94F60063189B /* Release */,
			);
			defaultConfigurationIsVisible = 0;
			defaultConfigurationName = Release;
		};
/* End XCConfigurationList section */
	};
	rootObject = 393E3685214F94F60063189B /* Project object */;
}
